
Microsoft Visual Studio Solution File, Format Version 12.00
# Visual Studio Version 17
VisualStudioVersion = 17.3.32811.315
MinimumVisualStudioVersion = 10.0.40219.1
Project("{9A19103F-16F7-4668-BE54-9A1E7A4F7556}") = "Protobufs", "Protobufs\Protobufs.csproj", "{056E9B99-DE51-46F4-927C-897D8F87EF51}"
EndProject
Project("{9A19103F-16F7-4668-BE54-9A1E7A4F7556}") = "UbiServices", "UbiServices\UbiServices.csproj", "{6AA3347E-8C8E-425D-81F0-2614F1AC5CCD}"
EndProject
Project("{9A19103F-16F7-4668-BE54-9A1E7A4F7556}") = "TestApp", "TestApp\TestApp.csproj", "{1BE9AF2D-31CA-4ADD-8F56-0EE6603877F7}"
EndProject
Project("{FAE04EC0-301F-11D3-BF4B-00C04F79EFBC}") = "DiscordBot", "DiscordBot\DiscordBot.csproj", "{6308F354-FBED-4570-AACA-2DE84A94F54F}"
EndProject
Global
	GlobalSection(SolutionConfigurationPlatforms) = preSolution
		Debug|Any CPU = Debug|Any CPU
		Release|Any CPU = Release|Any CPU
	EndGlobalSection
	GlobalSection(ProjectConfigurationPlatforms) = postSolution
		{056E9B99-DE51-46F4-927C-897D8F87EF51}.Debug|Any CPU.ActiveCfg = Debug|Any CPU
		{056E9B99-DE51-46F4-927C-897D8F87EF51}.Debug|Any CPU.Build.0 = Debug|Any CPU
		{056E9B99-DE51-46F4-927C-897D8F87EF51}.Release|Any CPU.ActiveCfg = Release|Any CPU
		{056E9B99-DE51-46F4-927C-897D8F87EF51}.Release|Any CPU.Build.0 = Release|Any CPU
		{6AA3347E-8C8E-425D-81F0-2614F1AC5CCD}.Debug|Any CPU.ActiveCfg = Debug|Any CPU
		{6AA3347E-8C8E-425D-81F0-2614F1AC5CCD}.Debug|Any CPU.Build.0 = Debug|Any CPU
		{6AA3347E-8C8E-425D-81F0-2614F1AC5CCD}.Release|Any CPU.ActiveCfg = Release|Any CPU
		{6AA3347E-8C8E-425D-81F0-2614F1AC5CCD}.Release|Any CPU.Build.0 = Release|Any CPU
		{1BE9AF2D-31CA-4ADD-8F56-0EE6603877F7}.Debug|Any CPU.ActiveCfg = Debug|Any CPU
		{1BE9AF2D-31CA-4ADD-8F56-0EE6603877F7}.Debug|Any CPU.Build.0 = Debug|Any CPU
		{1BE9AF2D-31CA-4ADD-8F56-0EE6603877F7}.Release|Any CPU.ActiveCfg = Release|Any CPU
		{1BE9AF2D-31CA-4ADD-8F56-0EE6603877F7}.Release|Any CPU.Build.0 = Release|Any CPU
		{6308F354-FBED-4570-AACA-2DE84A94F54F}.Debug|Any CPU.ActiveCfg = Debug|Any CPU
		{6308F354-FBED-4570-AACA-2DE84A94F54F}.Debug|Any CPU.Build.0 = Debug|Any CPU
		{6308F354-FBED-4570-AACA-2DE84A94F54F}.Release|Any CPU.ActiveCfg = Release|Any CPU
		{6308F354-FBED-4570-AACA-2DE84A94F54F}.Release|Any CPU.Build.0 = Release|Any CPU
	EndGlobalSection
	GlobalSection(SolutionProperties) = preSolution
		HideSolutionNode = FALSE
	EndGlobalSection
	GlobalSection(ExtensibilityGlobals) = postSolution
		SolutionGuid = {1B1436A3-C920-4313-8E37-3772F77569EF}
	EndGlobalSection
EndGlobal
