
Microsoft Visual Studio Solution File, Format Version 12.00
# Visual Studio Version 17
VisualStudioVersion = 17.3.32811.315
MinimumVisualStudioVersion = 10.0.40219.1
Project("{FAE04EC0-301F-11D3-BF4B-00C04F79EFBC}") = "Protobufs", "Protobufs\Protobufs.csproj", "{056E9B99-DE51-46F4-927C-897D8F87EF51}"
EndProject
Global
	GlobalSection(SolutionConfigurationPlatforms) = preSolution
		Debug|Any CPU = Debug|Any CPU
		Release|Any CPU = Release|Any CPU
	EndGlobalSection
	GlobalSection(ProjectConfigurationPlatforms) = postSolution
		{056E9B99-DE51-46F4-927C-897D8F87EF51}.Debug|Any CPU.ActiveCfg = Debug|Any CPU
		{056E9B99-DE51-46F4-927C-897D8F87EF51}.Debug|Any CPU.Build.0 = Debug|Any CPU
		{056E9B99-DE51-46F4-927C-897D8F87EF51}.Release|Any CPU.ActiveCfg = Release|Any CPU
		{056E9B99-DE51-46F4-927C-897D8F87EF51}.Release|Any CPU.Build.0 = Release|Any CPU
	EndGlobalSection
	GlobalSection(SolutionProperties) = preSolution
		HideSolutionNode = FALSE
	EndGlobalSection
	GlobalSection(ExtensibilityGlobals) = postSolution
		SolutionGuid = {1B1436A3-C920-4313-8E37-3772F77569EF}
	EndGlobalSection
EndGlobal
